// !$*UTF8*$!
{
	archiveVersion = 1;
	classes = {
	};
	objectVersion = 56;
	objects = {

/* Begin PBXBuildFile section */
		AE6FEFDB72EE4B3BBC2DA66F /* ToknApp.swift in Sources */ = {isa = PBXBuildFile; fileRef = E598DAD12ED54C058307BE22 /* ToknApp.swift */; };
		7A94CBF989EF47FB92FF4EA9 /* AppModel.swift in Sources */ = {isa = PBXBuildFile; fileRef = 8B83049B944C4F4198942DA9 /* AppModel.swift */; };
		AAD7990E1FD6490DB64B23A0 /* UsageData.swift in Sources */ = {isa = PBXBuildFile; fileRef = D5943157705241F492C65B0D /* UsageData.swift */; };
		2F068075C19E478684801301 /* UsageLimit.swift in Sources */ = {isa = PBXBuildFile; fileRef = 13E0F17C47134B46A799B19D /* UsageLimit.swift */; };
		9B6353BDACF64A5890B8C74B /* UsageStatus.swift in Sources */ = {isa = PBXBuildFile; fileRef = 06F4AEAA0F624D1D8B62D016 /* UsageStatus.swift */; };
		44DDFB0281E447F7B15C04C3 /* AppSettings.swift in Sources */ = {isa = PBXBuildFile; fileRef = F853372E5B7C4E5A844C435D /* AppSettings.swift */; };
		D7AEB9C6296741B8A5B9664C /* SessionKey.swift in Sources */ = {isa = PBXBuildFile; fileRef = 6A3ABC92BB484A9A8D09DFF3 /* SessionKey.swift */; };
		5DB5EAB84CCE43499CB35C25 /* UsageAPIResponse.swift in Sources */ = {isa = PBXBuildFile; fileRef = 479D36C2D3524AD7A1CD8BE5 /* UsageAPIResponse.swift */; };
		F154CD57AEF1426BA442AE88 /* KeychainRepository.swift in Sources */ = {isa = PBXBuildFile; fileRef = 7A5D56BCF0EC40AC92CC7058 /* KeychainRepository.swift */; };
		35BF700EBAFB495F9676BB26 /* SettingsRepository.swift in Sources */ = {isa = PBXBuildFile; fileRef = 5574C996024C401EA0E04147 /* SettingsRepository.swift */; };
		F6DA61FBB39146948A5341D3 /* NetworkService.swift in Sources */ = {isa = PBXBuildFile; fileRef = F64CAB9F33B44416AB1F2986 /* NetworkService.swift */; };
		A03DC25AD9B740988AF243B4 /* UsageService.swift in Sources */ = {isa = PBXBuildFile; fileRef = 177B7BB9226A413A981A8792 /* UsageService.swift */; };
		C1D4E8A23F7B4091BE2D5A67 /* UpdateChecker.swift in Sources */ = {isa = PBXBuildFile; fileRef = B8F20D7E5C3A47E9A14F6C02 /* UpdateChecker.swift */; };
		9E3A71F4D2C6408AB53F1E88 /* AutoUpdater.swift in Sources */ = {isa = PBXBuildFile; fileRef = 4D7B9C1A6E2F4D35A8C07F53 /* AutoUpdater.swift */; };
		525AF976226544C1895C59FB /* MenuBarLabel.swift in Sources */ = {isa = PBXBuildFile; fileRef = CB877FE419A540B1B7D9894F /* MenuBarLabel.swift */; };
		7A072B4315CE4E99908D65F0 /* SetupView.swift in Sources */ = {isa = PBXBuildFile; fileRef = D69EAC664AA54E859EF81AF5 /* SetupView.swift */; };
		968FBBE2DDC949859E7E50D2 /* UsageView.swift in Sources */ = {isa = PBXBuildFile; fileRef = 7B71E154383840CC8DC8943C /* UsageView.swift */; };
		3B8F6E551CCF42E8943621FD /* MenuBarContentView.swift in Sources */ = {isa = PBXBuildFile; fileRef = 8EA5C36A900640EBB7284D5E /* MenuBarContentView.swift */; };
		5B7308A096834AF48BD00748 /* Assets.xcassets in Resources */ = {isa = PBXBuildFile; fileRef = 73A9618D23084B4C8DB3EB85 /* Assets.xcassets */; };
/* End PBXBuildFile section */

/* Begin PBXFileReference section */
		E4E671727E9446FB89FE3C21 /* Tokn.app */ = {isa = PBXFileReference; explicitFileType = wrapper.application; includeInIndex = 0; path = Tokn.app; sourceTree = BUILT_PRODUCTS_DIR; };
		E598DAD12ED54C058307BE22 /* ToknApp.swift */ = {isa = PBXFileReference; lastKnownFileType = sourcecode.swift; path = ToknApp.swift; sourceTree = "<group>"; };
		8B83049B944C4F4198942DA9 /* AppModel.swift */ = {isa = PBXFileReference; lastKnownFileType = sourcecode.swift; path = AppModel.swift; sourceTree = "<group>"; };
		D5943157705241F492C65B0D /* UsageData.swift */ = {isa = PBXFileReference; lastKnownFileType = sourcecode.swift; path = UsageData.swift; sourceTree = "<group>"; };
		13E0F17C47134B46A799B19D /* UsageLimit.swift */ = {isa = PBXFileReference; lastKnownFileType = sourcecode.swift; path = UsageLimit.swift; sourceTree = "<group>"; };
		06F4AEAA0F624D1D8B62D016 /* UsageStatus.swift */ = {isa = PBXFileReference; lastKnownFileType = sourcecode.swift; path = UsageStatus.swift; sourceTree = "<group>"; };
		F853372E5B7C4E5A844C435D /* AppSettings.swift */ = {isa = PBXFileReference; lastKnownFileType = sourcecode.swift; path = AppSettings.swift; sourceTree = "<group>"; };
		6A3ABC92BB484A9A8D09DFF3 /* SessionKey.swift */ = {isa = PBXFileReference; lastKnownFileType = sourcecode.swift; path = SessionKey.swift; sourceTree = "<group>"; };
		479D36C2D3524AD7A1CD8BE5 /* UsageAPIResponse.swift */ = {isa = PBXFileReference; lastKnownFileType = sourcecode.swift; path = UsageAPIResponse.swift; sourceTree = "<group>"; };
		7A5D56BCF0EC40AC92CC7058 /* KeychainRepository.swift */ = {isa = PBXFileReference; lastKnownFileType = sourcecode.swift; path = KeychainRepository.swift; sourceTree = "<group>"; };
		5574C996024C401EA0E04147 /* SettingsRepository.swift */ = {isa = PBXFileReference; lastKnownFileType = sourcecode.swift; path = SettingsRepository.swift; sourceTree = "<group>"; };
		F64CAB9F33B44416AB1F2986 /* NetworkService.swift */ = {isa = PBXFileReference; lastKnownFileType = sourcecode.swift; path = NetworkService.swift; sourceTree = "<group>"; };
		177B7BB9226A413A981A8792 /* UsageService.swift */ = {isa = PBXFileReference; lastKnownFileType = sourcecode.swift; path = UsageService.swift; sourceTree = "<group>"; };
		B8F20D7E5C3A47E9A14F6C02 /* UpdateChecker.swift */ = {isa = PBXFileReference; lastKnownFileType = sourcecode.swift; path = UpdateChecker.swift; sourceTree = "<group>"; };
		4D7B9C1A6E2F4D35A8C07F53 /* AutoUpdater.swift */ = {isa = PBXFileReference; lastKnownFileType = sourcecode.swift; path = AutoUpdater.swift; sourceTree = "<group>"; };
		CB877FE419A540B1B7D9894F /* MenuBarLabel.swift */ = {isa = PBXFileReference; lastKnownFileType = sourcecode.swift; path = MenuBarLabel.swift; sourceTree = "<group>"; };
		D69EAC664AA54E859EF81AF5 /* SetupView.swift */ = {isa = PBXFileReference; lastKnownFileType = sourcecode.swift; path = SetupView.swift; sourceTree = "<group>"; };
		7B71E154383840CC8DC8943C /* UsageView.swift */ = {isa = PBXFileReference; lastKnownFileType = sourcecode.swift; path = UsageView.swift; sourceTree = "<group>"; };
		8EA5C36A900640EBB7284D5E /* MenuBarContentView.swift */ = {isa = PBXFileReference; lastKnownFileType = sourcecode.swift; path = MenuBarContentView.swift; sourceTree = "<group>"; };
		85225F1D686B46C096FBC03D /* Info.plist */ = {isa = PBXFileReference; lastKnownFileType = text.plist.xml; path = Info.plist; sourceTree = "<group>"; };
		CCE990E00DD34D98A17956CF /* Tokn.entitlements */ = {isa = PBXFileReference; lastKnownFileType = text.plist.entitlements; path = Tokn.entitlements; sourceTree = "<group>"; };
		73A9618D23084B4C8DB3EB85 /* Assets.xcassets */ = {isa = PBXFileReference; lastKnownFileType = folder.assetcatalog; path = Assets.xcassets; sourceTree = "<group>"; };
/* End PBXFileReference section */

/* Begin PBXFrameworksBuildPhase section */
		6998903E5640469D8CF4DC55 /* Frameworks */ = {
			isa = PBXFrameworksBuildPhase;
			buildActionMask = 2147483647;
			files = (
			);
			runOnlyForDeploymentPostprocessing = 0;
		};
/* End PBXFrameworksBuildPhase section */

/* Begin PBXGroup section */
		DF673D92B10D475EB48550CA /* MainGroup */ = {
			isa = PBXGroup;
			children = (
				156364F202C54DAE8E081A3C /* Tokn */,
				F486BA47F08D47C0BD74B092 /* Products */,
			);
			sourceTree = "<group>";
		};
		F486BA47F08D47C0BD74B092 /* Products */ = {
			isa = PBXGroup;
			children = (
				E4E671727E9446FB89FE3C21 /* Tokn.app */,
			);
			name = Products;
			sourceTree = "<group>";
		};
		156364F202C54DAE8E081A3C /* Tokn */ = {
			isa = PBXGroup;
			children = (
				E598DAD12ED54C058307BE22 /* ToknApp.swift */,
				85225F1D686B46C096FBC03D /* Info.plist */,
				CCE990E00DD34D98A17956CF /* Tokn.entitlements */,
				73A9618D23084B4C8DB3EB85 /* Assets.xcassets */,
				0A40F4BC5D914A33BEE799E1 /* App */,
				334F7E276687441AA34DF3E8 /* Models */,
				C356ADDD8F624C048827631D /* Repositories */,
				9EA5FD69F69848B2837AB293 /* Services */,
				E5777BEF0A2644E38179B891 /* Views */,
			);
			path = Tokn;
			sourceTree = "<group>";
		};
		0A40F4BC5D914A33BEE799E1 /* App */ = {
			isa = PBXGroup;
			children = (
				8B83049B944C4F4198942DA9 /* AppModel.swift */,
			);
			path = App;
			sourceTree = "<group>";
		};
		334F7E276687441AA34DF3E8 /* Models */ = {
			isa = PBXGroup;
			children = (
				D5943157705241F492C65B0D /* UsageData.swift */,
				13E0F17C47134B46A799B19D /* UsageLimit.swift */,
				06F4AEAA0F624D1D8B62D016 /* UsageStatus.swift */,
				F853372E5B7C4E5A844C435D /* AppSettings.swift */,
				6A3ABC92BB484A9A8D09DFF3 /* SessionKey.swift */,
				686F76D8CB174DA99D55030D /* API */,
			);
			path = Models;
			sourceTree = "<group>";
		};
		686F76D8CB174DA99D55030D /* API */ = {
			isa = PBXGroup;
			children = (
				479D36C2D3524AD7A1CD8BE5 /* UsageAPIResponse.swift */,
			);
			path = API;
			sourceTree = "<group>";
		};
		C356ADDD8F624C048827631D /* Repositories */ = {
			isa = PBXGroup;
			children = (
				7A5D56BCF0EC40AC92CC7058 /* KeychainRepository.swift */,
				5574C996024C401EA0E04147 /* SettingsRepository.swift */,
			);
			path = Repositories;
			sourceTree = "<group>";
		};
		9EA5FD69F69848B2837AB293 /* Services */ = {
			isa = PBXGroup;
			children = (
				F64CAB9F33B44416AB1F2986 /* NetworkService.swift */,
				177B7BB9226A413A981A8792 /* UsageService.swift */,
				B8F20D7E5C3A47E9A14F6C02 /* UpdateChecker.swift */,
				4D7B9C1A6E2F4D35A8C07F53 /* AutoUpdater.swift */,
			);
			path = Services;
			sourceTree = "<group>";
		};
		E5777BEF0A2644E38179B891 /* Views */ = {
			isa = PBXGroup;
			children = (
				CB877FE419A540B1B7D9894F /* MenuBarLabel.swift */,
				8EA5C36A900640EBB7284D5E /* MenuBarContentView.swift */,
				D69EAC664AA54E859EF81AF5 /* SetupView.swift */,
				7B71E154383840CC8DC8943C /* UsageView.swift */,
			);
			path = Views;
			sourceTree = "<group>";
		};
/* End PBXGroup section */

/* Begin PBXNativeTarget section */
		02480501DD2A45F69F89D731 /* Tokn */ = {
			isa = PBXNativeTarget;
			buildConfigurationList = EEC6C6AA8D434DF4A7C760DB /* Build configuration list for PBXNativeTarget "Tokn" */;
			buildPhases = (
				EA7D030877214CD9B72E8033 /* Sources */,
				6998903E5640469D8CF4DC55 /* Frameworks */,
				BB8BF061B9FD44089E26BAE1 /* Resources */,
			);
			buildRules = (
			);
			dependencies = (
			);
			name = Tokn;
			productName = Tokn;
			productReference = E4E671727E9446FB89FE3C21 /* Tokn.app */;
			productType = "com.apple.product-type.application";
		};
/* End PBXNativeTarget section */

/* Begin PBXProject section */
		8D9D9176F69443EE921FDBEB /* Project object */ = {
			isa = PBXProject;
			attributes = {
				BuildIndependentTargetsInParallel = 1;
				LastSwiftUpdateCheck = 1600;
				LastUpgradeCheck = 1600;
				TargetAttributes = {
					02480501DD2A45F69F89D731 = {
						CreatedOnToolsVersion = 16.0;
					};
				};
			};
			buildConfigurationList = 832423F0CF9D42DE8449FA46 /* Build configuration list for PBXProject "Tokn" */;
			compatibilityVersion = "Xcode 14.0";
			developmentRegion = en;
			hasScannedForEncodings = 0;
			knownRegions = (
				en,
				Base,
			);
			mainGroup = DF673D92B10D475EB48550CA;
			productRefGroup = F486BA47F08D47C0BD74B092 /* Products */;
			projectDirPath = "";
			projectRoot = "";
			targets = (
				02480501DD2A45F69F89D731 /* Tokn */,
			);
		};
/* End PBXProject section */

/* Begin PBXResourcesBuildPhase section */
		BB8BF061B9FD44089E26BAE1 /* Resources */ = {
			isa = PBXResourcesBuildPhase;
			buildActionMask = 2147483647;
			files = (
				5B7308A096834AF48BD00748 /* Assets.xcassets in Resources */,
			);
			runOnlyForDeploymentPostprocessing = 0;
		};
/* End PBXResourcesBuildPhase section */

/* Begin PBXSourcesBuildPhase section */
		EA7D030877214CD9B72E8033 /* Sources */ = {
			isa = PBXSourcesBuildPhase;
			buildActionMask = 2147483647;
			files = (
				AE6FEFDB72EE4B3BBC2DA66F /* ToknApp.swift in Sources */,
				7A94CBF989EF47FB92FF4EA9 /* AppModel.swift in Sources */,
				AAD7990E1FD6490DB64B23A0 /* UsageData.swift in Sources */,
				2F068075C19E478684801301 /* UsageLimit.swift in Sources */,
				9B6353BDACF64A5890B8C74B /* UsageStatus.swift in Sources */,
				44DDFB0281E447F7B15C04C3 /* AppSettings.swift in Sources */,
				D7AEB9C6296741B8A5B9664C /* SessionKey.swift in Sources */,
				5DB5EAB84CCE43499CB35C25 /* UsageAPIResponse.swift in Sources */,
				F154CD57AEF1426BA442AE88 /* KeychainRepository.swift in Sources */,
				35BF700EBAFB495F9676BB26 /* SettingsRepository.swift in Sources */,
				F6DA61FBB39146948A5341D3 /* NetworkService.swift in Sources */,
				A03DC25AD9B740988AF243B4 /* UsageService.swift in Sources */,
				C1D4E8A23F7B4091BE2D5A67 /* UpdateChecker.swift in Sources */,
				9E3A71F4D2C6408AB53F1E88 /* AutoUpdater.swift in Sources */,
				525AF976226544C1895C59FB /* MenuBarLabel.swift in Sources */,
				7A072B4315CE4E99908D65F0 /* SetupView.swift in Sources */,
				968FBBE2DDC949859E7E50D2 /* UsageView.swift in Sources */,
				3B8F6E551CCF42E8943621FD /* MenuBarContentView.swift in Sources */,
			);
			runOnlyForDeploymentPostprocessing = 0;
		};
/* End PBXSourcesBuildPhase section */

/* Begin XCBuildConfiguration section */
		4299E6DDE0C54BD29247FDA0 /* Debug */ = {
			isa = XCBuildConfiguration;
			buildSettings = {
				ALWAYS_SEARCH_USER_PATHS = NO;
				ASSETCATALOG_COMPILER_GENERATE_SWIFT_ASSET_SYMBOL_EXTENSIONS = YES;
				CLANG_ANALYZER_NONNULL = YES;
				CLANG_ANALYZER_NUMBER_OBJECT_CONVERSION = YES_AGGRESSIVE;
				CLANG_CXX_LANGUAGE_STANDARD = "gnu++20";
				CLANG_ENABLE_MODULES = YES;
				CLANG_ENABLE_OBJC_ARC = YES;
				CLANG_ENABLE_OBJC_WEAK = YES;
				CLANG_WARN_BLOCK_CAPTURE_AUTORELEASING = YES;
				CLANG_WARN_BOOL_CONVERSION = YES;
				CLANG_WARN_COMMA = YES;
				CLANG_WARN_CONSTANT_CONVERSION = YES;
				CLANG_WARN_DEPRECATED_OBJC_IMPLEMENTATIONS = YES;
				CLANG_WARN_DIRECT_OBJC_ISA_USAGE = YES_ERROR;
				CLANG_WARN_DOCUMENTATION_COMMENTS = YES;
				CLANG_WARN_EMPTY_BODY = YES;
				CLANG_WARN_ENUM_CONVERSION = YES;
				CLANG_WARN_INFINITE_RECURSION = YES;
				CLANG_WARN_INT_CONVERSION = YES;
				CLANG_WARN_NON_LITERAL_NULL_CONVERSION = YES;
				CLANG_WARN_OBJC_IMPLICIT_RETAIN_CYCLE = YES;
				CLANG_WARN_OBJC_LITERAL_CONVERSION = YES;
				CLANG_WARN_OBJC_ROOT_CLASS = YES_ERROR;
				CLANG_WARN_QUOTED_INCLUDE_IN_FRAMEWORK_HEADER = YES;
				CLANG_WARN_RANGE_LOOP_ANALYSIS = YES;
				CLANG_WARN_STRICT_PROTOTYPES = YES;
				CLANG_WARN_SUSPICIOUS_MOVE = YES;
				CLANG_WARN_UNGUARDED_AVAILABILITY = YES_AGGRESSIVE;
				CLANG_WARN_UNREACHABLE_CODE = YES;
				CLANG_WARN__DUPLICATE_METHOD_MATCH = YES;
				COPY_PHASE_STRIP = NO;
				DEBUG_INFORMATION_FORMAT = dwarf;
				ENABLE_STRICT_OBJC_MSGSEND = YES;
				ENABLE_TESTABILITY = YES;
				ENABLE_USER_SCRIPT_SANDBOXING = YES;
				GCC_C_LANGUAGE_STANDARD = gnu17;
				GCC_DYNAMIC_NO_PIC = NO;
				GCC_NO_COMMON_BLOCKS = YES;
				GCC_OPTIMIZATION_LEVEL = 0;
				GCC_PREPROCESSOR_DEFINITIONS = (
					"DEBUG=1",
					"$(inherited)",
				);
				GCC_WARN_64_TO_32_BIT_CONVERSION = YES;
				GCC_WARN_ABOUT_RETURN_TYPE = YES_ERROR;
				GCC_WARN_UNDECLARED_SELECTOR = YES;
				GCC_WARN_UNINITIALIZED_AUTOS = YES_AGGRESSIVE;
				GCC_WARN_UNUSED_FUNCTION = YES;
				GCC_WARN_UNUSED_VARIABLE = YES;
				LOCALIZATION_PREFERS_STRING_CATALOGS = YES;
				MACOSX_DEPLOYMENT_TARGET = 14.0;
				MTL_ENABLE_DEBUG_INFO = INCLUDE_SOURCE;
				MTL_FAST_MATH = YES;
				ONLY_ACTIVE_ARCH = YES;
				SDKROOT = macosx;
				SWIFT_ACTIVE_COMPILATION_CONDITIONS = "DEBUG $(inherited)";
				SWIFT_OPTIMIZATION_LEVEL = "-Onone";
			};
			name = Debug;
		};
		AFEEC3E0A30E4F5982F463EF /* Release */ = {
			isa = XCBuildConfiguration;
			buildSettings = {
				ALWAYS_SEARCH_USER_PATHS = NO;
				ASSETCATALOG_COMPILER_GENERATE_SWIFT_ASSET_SYMBOL_EXTENSIONS = YES;
				CLANG_ANALYZER_NONNULL = YES;
				CLANG_ANALYZER_NUMBER_OBJECT_CONVERSION = YES_AGGRESSIVE;
				CLANG_CXX_LANGUAGE_STANDARD = "gnu++20";
				CLANG_ENABLE_MODULES = YES;
				CLANG_ENABLE_OBJC_ARC = YES;
				CLANG_ENABLE_OBJC_WEAK = YES;
				CLANG_WARN_BLOCK_CAPTURE_AUTORELEASING = YES;
				CLANG_WARN_BOOL_CONVERSION = YES;
				CLANG_WARN_COMMA = YES;
				CLANG_WARN_CONSTANT_CONVERSION = YES;
				CLANG_WARN_DEPRECATED_OBJC_IMPLEMENTATIONS = YES;
				CLANG_WARN_DIRECT_OBJC_ISA_USAGE = YES_ERROR;
				CLANG_WARN_DOCUMENTATION_COMMENTS = YES;
				CLANG_WARN_EMPTY_BODY = YES;
				CLANG_WARN_ENUM_CONVERSION = YES;
				CLANG_WARN_INFINITE_RECURSION = YES;
				CLANG_WARN_INT_CONVERSION = YES;
				CLANG_WARN_NON_LITERAL_NULL_CONVERSION = YES;
				CLANG_WARN_OBJC_IMPLICIT_RETAIN_CYCLE = YES;
				CLANG_WARN_OBJC_LITERAL_CONVERSION = YES;
				CLANG_WARN_OBJC_ROOT_CLASS = YES_ERROR;
				CLANG_WARN_QUOTED_INCLUDE_IN_FRAMEWORK_HEADER = YES;
				CLANG_WARN_RANGE_LOOP_ANALYSIS = YES;
				CLANG_WARN_STRICT_PROTOTYPES = YES;
				CLANG_WARN_SUSPICIOUS_MOVE = YES;
				CLANG_WARN_UNGUARDED_AVAILABILITY = YES_AGGRESSIVE;
				CLANG_WARN_UNREACHABLE_CODE = YES;
				CLANG_WARN__DUPLICATE_METHOD_MATCH = YES;
				COPY_PHASE_STRIP = NO;
				DEBUG_INFORMATION_FORMAT = "dwarf-with-dsym";
				ENABLE_NS_ASSERTIONS = NO;
				ENABLE_STRICT_OBJC_MSGSEND = YES;
				ENABLE_USER_SCRIPT_SANDBOXING = YES;
				GCC_C_LANGUAGE_STANDARD = gnu17;
				GCC_NO_COMMON_BLOCKS = YES;
				GCC_WARN_64_TO_32_BIT_CONVERSION = YES;
				GCC_WARN_ABOUT_RETURN_TYPE = YES_ERROR;
				GCC_WARN_UNDECLARED_SELECTOR = YES;
				GCC_WARN_UNINITIALIZED_AUTOS = YES_AGGRESSIVE;
				GCC_WARN_UNUSED_FUNCTION = YES;
				GCC_WARN_UNUSED_VARIABLE = YES;
				LOCALIZATION_PREFERS_STRING_CATALOGS = YES;
				MACOSX_DEPLOYMENT_TARGET = 14.0;
				MTL_FAST_MATH = YES;
				SDKROOT = macosx;
				SWIFT_COMPILATION_MODE = wholemodule;
			};
			name = Release;
		};
		CBF2400332614297B544C0B0 /* Debug */ = {
			isa = XCBuildConfiguration;
			buildSettings = {
				ASSETCATALOG_COMPILER_APPICON_NAME = AppIcon;
				ASSETCATALOG_COMPILER_GLOBAL_ACCENT_COLOR_NAME = AccentColor;
				CODE_SIGN_ENTITLEMENTS = Tokn/Tokn.entitlements;
				CODE_SIGN_STYLE = Automatic;
				COMBINE_HIDPI_IMAGES = YES;
				CURRENT_PROJECT_VERSION = 1;
				GENERATE_INFOPLIST_FILE = NO;
				INFOPLIST_FILE = Tokn/Info.plist;
				LD_RUNPATH_SEARCH_PATHS = (
					"$(inherited)",
					"@executable_path/../Frameworks",
				);
				MARKETING_VERSION = 1.0;
				PRODUCT_BUNDLE_IDENTIFIER = com.tokn.app;
				PRODUCT_NAME = "$(TARGET_NAME)";
				SWIFT_EMIT_LOC_STRINGS = YES;
				SWIFT_VERSION = 5.0;
			};
			name = Debug;
		};
		756B876E2D3A460586D35348 /* Release */ = {
			isa = XCBuildConfiguration;
			buildSettings = {
				ASSETCATALOG_COMPILER_APPICON_NAME = AppIcon;
				ASSETCATALOG_COMPILER_GLOBAL_ACCENT_COLOR_NAME = AccentColor;
				CODE_SIGN_ENTITLEMENTS = Tokn/Tokn.entitlements;
				CODE_SIGN_STYLE = Automatic;
				COMBINE_HIDPI_IMAGES = YES;
				CURRENT_PROJECT_VERSION = 1;
				GENERATE_INFOPLIST_FILE = NO;
				INFOPLIST_FILE = Tokn/Info.plist;
				LD_RUNPATH_SEARCH_PATHS = (
					"$(inherited)",
					"@executable_path/../Frameworks",
				);
				MARKETING_VERSION = 1.0;
				PRODUCT_BUNDLE_IDENTIFIER = com.tokn.app;
				PRODUCT_NAME = "$(TARGET_NAME)";
				SWIFT_EMIT_LOC_STRINGS = YES;
				SWIFT_VERSION = 5.0;
			};
			name = Release;
		};
/* End XCBuildConfiguration section */

/* Begin XCConfigurationList section */
		832423F0CF9D42DE8449FA46 /* Build configuration list for PBXProject "Tokn" */ = {
			isa = XCConfigurationList;
			buildConfigurations = (
				4299E6DDE0C54BD29247FDA0 /* Debug */,
				AFEEC3E0A30E4F5982F463EF /* Release */,
			);
			defaultConfigurationIsVisible = 0;
			defaultConfigurationName = Release;
		};
		EEC6C6AA8D434DF4A7C760DB /* Build configuration list for PBXNativeTarget "Tokn" */ = {
			isa = XCConfigurationList;
			buildConfigurations = (
				CBF2400332614297B544C0B0 /* Debug */,
				756B876E2D3A460586D35348 /* Release */,
			);
			defaultConfigurationIsVisible = 0;
			defaultConfigurationName = Release;
		};
/* End XCConfigurationList section */

	};
	rootObject = 8D9D9176F69443EE921FDBEB /* Project object */;
}
